
Microsoft Visual Studio Solution File, Format Version 12.00
# Visual Studio 2012
Project("{FAE04EC0-301F-11D3-BF4B-00C04F79EFBC}") = "PedroLamas.Quadratic", "PedroLamas.Quadratic\PedroLamas.Quadratic.csproj", "{8BB4803B-164B-4340-AB86-C4D481C09DAC}"
EndProject
Global
	GlobalSection(SolutionConfigurationPlatforms) = preSolution
		Debug|Any CPU = Debug|Any CPU
		Debug|ARM = Debug|ARM
		Debug|x86 = Debug|x86
		Release|Any CPU = Release|Any CPU
		Release|ARM = Release|ARM
		Release|x86 = Release|x86
	EndGlobalSection
	GlobalSection(ProjectConfigurationPlatforms) = postSolution
		{8BB4803B-164B-4340-AB86-C4D481C09DAC}.Debug|Any CPU.ActiveCfg = Debug|Any CPU
		{8BB4803B-164B-4340-AB86-C4D481C09DAC}.Debug|Any CPU.Build.0 = Debug|Any CPU
		{8BB4803B-164B-4340-AB86-C4D481C09DAC}.Debug|Any CPU.Deploy.0 = Debug|Any CPU
		{8BB4803B-164B-4340-AB86-C4D481C09DAC}.Debug|ARM.ActiveCfg = Debug|ARM
		{8BB4803B-164B-4340-AB86-C4D481C09DAC}.Debug|ARM.Build.0 = Debug|ARM
		{8BB4803B-164B-4340-AB86-C4D481C09DAC}.Debug|ARM.Deploy.0 = Debug|ARM
		{8BB4803B-164B-4340-AB86-C4D481C09DAC}.Debug|x86.ActiveCfg = Debug|x86
		{8BB4803B-164B-4340-AB86-C4D481C09DAC}.Debug|x86.Build.0 = Debug|x86
		{8BB4803B-164B-4340-AB86-C4D481C09DAC}.Debug|x86.Deploy.0 = Debug|x86
		{8BB4803B-164B-4340-AB86-C4D481C09DAC}.Release|Any CPU.ActiveCfg = Release|Any CPU
		{8BB4803B-164B-4340-AB86-C4D481C09DAC}.Release|Any CPU.Build.0 = Release|Any CPU
		{8BB4803B-164B-4340-AB86-C4D481C09DAC}.Release|Any CPU.Deploy.0 = Release|Any CPU
		{8BB4803B-164B-4340-AB86-C4D481C09DAC}.Release|ARM.ActiveCfg = Release|ARM
		{8BB4803B-164B-4340-AB86-C4D481C09DAC}.Release|ARM.Build.0 = Release|ARM
		{8BB4803B-164B-4340-AB86-C4D481C09DAC}.Release|ARM.Deploy.0 = Release|ARM
		{8BB4803B-164B-4340-AB86-C4D481C09DAC}.Release|x86.ActiveCfg = Release|x86
		{8BB4803B-164B-4340-AB86-C4D481C09DAC}.Release|x86.Build.0 = Release|x86
		{8BB4803B-164B-4340-AB86-C4D481C09DAC}.Release|x86.Deploy.0 = Release|x86
	EndGlobalSection
	GlobalSection(SolutionProperties) = preSolution
		HideSolutionNode = FALSE
	EndGlobalSection
EndGlobal
